// !$*UTF8*$!
{
	archiveVersion = 1;
	classes = {
	};
	objectVersion = 48;
	objects = {

/* Begin PBXBuildFile section */
		4100AD9C1FF13B2C00565366 /* API_UTILS.swift in Sources */ = {isa = PBXBuildFile; fileRef = 4100AD9B1FF13B2C00565366 /* API_UTILS.swift */; };
		4100AD9E1FF13C4800565366 /* API_HELPERS.swift in Sources */ = {isa = PBXBuildFile; fileRef = 4100AD9D1FF13C4800565366 /* API_HELPERS.swift */; };
		4100ADA11FF1412300565366 /* OfertasTableViewController.swift in Sources */ = {isa = PBXBuildFile; fileRef = 4100ADA01FF1412300565366 /* OfertasTableViewController.swift */; };
		4100ADA31FF1413800565366 /* ConcursosTableViewController.swift in Sources */ = {isa = PBXBuildFile; fileRef = 4100ADA21FF1413800565366 /* ConcursosTableViewController.swift */; };
		4100ADA51FF1414300565366 /* CuponesTableViewController.swift in Sources */ = {isa = PBXBuildFile; fileRef = 4100ADA41FF1414300565366 /* CuponesTableViewController.swift */; };
		4100ADA71FF1415400565366 /* DetalleGenericoTableViewController.swift in Sources */ = {isa = PBXBuildFile; fileRef = 4100ADA61FF1415400565366 /* DetalleGenericoTableViewController.swift */; };
		4100ADA91FF1416900565366 /* WebGenericoViewController.swift in Sources */ = {isa = PBXBuildFile; fileRef = 4100ADA81FF1416900565366 /* WebGenericoViewController.swift */; };
		4100ADAB1FF1418700565366 /* MuroTableViewController.swift in Sources */ = {isa = PBXBuildFile; fileRef = 4100ADAA1FF1418700565366 /* MuroTableViewController.swift */; };
		4100ADAD1FF141A300565366 /* HerramientaPostMuroTableViewController.swift in Sources */ = {isa = PBXBuildFile; fileRef = 4100ADAC1FF141A300565366 /* HerramientaPostMuroTableViewController.swift */; };
		4100ADB21FF1424B00565366 /* GenericTableViewCell.swift in Sources */ = {isa = PBXBuildFile; fileRef = 4100ADB01FF1424B00565366 /* GenericTableViewCell.swift */; };
		4100ADB31FF1424B00565366 /* GenericTableViewCell.xib in Resources */ = {isa = PBXBuildFile; fileRef = 4100ADB11FF1424B00565366 /* GenericTableViewCell.xib */; };
		4100ADB51FF143CD00565366 /* GenericModelData.swift in Sources */ = {isa = PBXBuildFile; fileRef = 4100ADB41FF143CD00565366 /* GenericModelData.swift */; };
		41227F5E1FF8EAEA0022FD6E /* APITaskManager.swift in Sources */ = {isa = PBXBuildFile; fileRef = 41227F5D1FF8EAEA0022FD6E /* APITaskManager.swift */; };
		41227F601FF8F08E0022FD6E /* GenericTableView.swift in Sources */ = {isa = PBXBuildFile; fileRef = 41227F5F1FF8F08E0022FD6E /* GenericTableView.swift */; };
		4136EC311FF9474B00192384 /* HomeNavigationViewController.swift in Sources */ = {isa = PBXBuildFile; fileRef = 4136EC301FF9474B00192384 /* HomeNavigationViewController.swift */; };
		4136EC341FF94B0F00192384 /* MiPerfilCustomCell.xib in Resources */ = {isa = PBXBuildFile; fileRef = 4136EC321FF94B0F00192384 /* MiPerfilCustomCell.xib */; };
		4136EC351FF94B0F00192384 /* MiPerfilCustomCell.swift in Sources */ = {isa = PBXBuildFile; fileRef = 4136EC331FF94B0F00192384 /* MiPerfilCustomCell.swift */; };
		41689E591FF1459500359DDD /* Alamofire.framework in Frameworks */ = {isa = PBXBuildFile; fileRef = 41689E5E1FF1459500359DDD /* Alamofire.framework */; };
		41689E5A1FF1459500359DDD /* APESuperHUD.framework in Frameworks */ = {isa = PBXBuildFile; fileRef = 41689E5F1FF1459500359DDD /* APESuperHUD.framework */; };
		41689E5B1FF1459500359DDD /* Kingfisher.framework in Frameworks */ = {isa = PBXBuildFile; fileRef = 41689E601FF1459500359DDD /* Kingfisher.framework */; };
		41689E5C1FF1459500359DDD /* PromiseKit.framework in Frameworks */ = {isa = PBXBuildFile; fileRef = 41689E611FF1459500359DDD /* PromiseKit.framework */; };
		41689E5D1FF1459500359DDD /* SwiftyJSON.framework in Frameworks */ = {isa = PBXBuildFile; fileRef = 41689E621FF1459500359DDD /* SwiftyJSON.framework */; };
		41689E651FF1469F00359DDD /* ParserGenerico.swift in Sources */ = {isa = PBXBuildFile; fileRef = 41689E641FF1469F00359DDD /* ParserGenerico.swift */; };
		4170C3151FEEBE5D00A9F50A /* AppDelegate.swift in Sources */ = {isa = PBXBuildFile; fileRef = 4170C3141FEEBE5D00A9F50A /* AppDelegate.swift */; };
		4170C31A1FEEBE5D00A9F50A /* Main.storyboard in Resources */ = {isa = PBXBuildFile; fileRef = 4170C3181FEEBE5D00A9F50A /* Main.storyboard */; };
		4170C31C1FEEBE5D00A9F50A /* Assets.xcassets in Resources */ = {isa = PBXBuildFile; fileRef = 4170C31B1FEEBE5D00A9F50A /* Assets.xcassets */; };
		4170C31F1FEEBE5D00A9F50A /* LaunchScreen.storyboard in Resources */ = {isa = PBXBuildFile; fileRef = 4170C31D1FEEBE5D00A9F50A /* LaunchScreen.storyboard */; };
		419A44C52014E7AE00F28DE7 /* ReuseIdentifierProtocol.swift in Sources */ = {isa = PBXBuildFile; fileRef = 419A44C42014E7AE00F28DE7 /* ReuseIdentifierProtocol.swift */; };
		E93A508BE3551F7E2422941B /* Pods_iEveris.framework in Frameworks */ = {isa = PBXBuildFile; fileRef = 33D4B3610F85304C9DBC0217 /* Pods_iEveris.framework */; };
/* End PBXBuildFile section */

/* Begin PBXFileReference section */
		1C838CE07A2679F9BE1EB4D2 /* Pods-iEveris.release.xcconfig */ = {isa = PBXFileReference; includeInIndex = 1; lastKnownFileType = text.xcconfig; name = "Pods-iEveris.release.xcconfig"; path = "Pods/Target Support Files/Pods-iEveris/Pods-iEveris.release.xcconfig"; sourceTree = "<group>"; };
		33D4B3610F85304C9DBC0217 /* Pods_iEveris.framework */ = {isa = PBXFileReference; explicitFileType = wrapper.framework; includeInIndex = 0; path = Pods_iEveris.framework; sourceTree = BUILT_PRODUCTS_DIR; };
		4100AD9B1FF13B2C00565366 /* API_UTILS.swift */ = {isa = PBXFileReference; lastKnownFileType = sourcecode.swift; path = API_UTILS.swift; sourceTree = "<group>"; };
		4100AD9D1FF13C4800565366 /* API_HELPERS.swift */ = {isa = PBXFileReference; lastKnownFileType = sourcecode.swift; path = API_HELPERS.swift; sourceTree = "<group>"; };
		4100ADA01FF1412300565366 /* OfertasTableViewController.swift */ = {isa = PBXFileReference; lastKnownFileType = sourcecode.swift; path = OfertasTableViewController.swift; sourceTree = "<group>"; };
		4100ADA21FF1413800565366 /* ConcursosTableViewController.swift */ = {isa = PBXFileReference; lastKnownFileType = sourcecode.swift; path = ConcursosTableViewController.swift; sourceTree = "<group>"; };
		4100ADA41FF1414300565366 /* CuponesTableViewController.swift */ = {isa = PBXFileReference; lastKnownFileType = sourcecode.swift; path = CuponesTableViewController.swift; sourceTree = "<group>"; };
		4100ADA61FF1415400565366 /* DetalleGenericoTableViewController.swift */ = {isa = PBXFileReference; lastKnownFileType = sourcecode.swift; path = DetalleGenericoTableViewController.swift; sourceTree = "<group>"; };
		4100ADA81FF1416900565366 /* WebGenericoViewController.swift */ = {isa = PBXFileReference; lastKnownFileType = sourcecode.swift; path = WebGenericoViewController.swift; sourceTree = "<group>"; };
		4100ADAA1FF1418700565366 /* MuroTableViewController.swift */ = {isa = PBXFileReference; lastKnownFileType = sourcecode.swift; path = MuroTableViewController.swift; sourceTree = "<group>"; };
		4100ADAC1FF141A300565366 /* HerramientaPostMuroTableViewController.swift */ = {isa = PBXFileReference; lastKnownFileType = sourcecode.swift; path = HerramientaPostMuroTableViewController.swift; sourceTree = "<group>"; };
		4100ADB01FF1424B00565366 /* GenericTableViewCell.swift */ = {isa = PBXFileReference; lastKnownFileType = sourcecode.swift; path = GenericTableViewCell.swift; sourceTree = "<group>"; };
		4100ADB11FF1424B00565366 /* GenericTableViewCell.xib */ = {isa = PBXFileReference; lastKnownFileType = file.xib; path = GenericTableViewCell.xib; sourceTree = "<group>"; };
		4100ADB41FF143CD00565366 /* GenericModelData.swift */ = {isa = PBXFileReference; lastKnownFileType = sourcecode.swift; path = GenericModelData.swift; sourceTree = "<group>"; };
		41227F5D1FF8EAEA0022FD6E /* APITaskManager.swift */ = {isa = PBXFileReference; lastKnownFileType = sourcecode.swift; path = APITaskManager.swift; sourceTree = "<group>"; };
		41227F5F1FF8F08E0022FD6E /* GenericTableView.swift */ = {isa = PBXFileReference; lastKnownFileType = sourcecode.swift; path = GenericTableView.swift; sourceTree = "<group>"; };
		4136EC301FF9474B00192384 /* HomeNavigationViewController.swift */ = {isa = PBXFileReference; lastKnownFileType = sourcecode.swift; path = HomeNavigationViewController.swift; sourceTree = "<group>"; };
		4136EC321FF94B0F00192384 /* MiPerfilCustomCell.xib */ = {isa = PBXFileReference; fileEncoding = 4; lastKnownFileType = file.xib; path = MiPerfilCustomCell.xib; sourceTree = "<group>"; };
		4136EC331FF94B0F00192384 /* MiPerfilCustomCell.swift */ = {isa = PBXFileReference; fileEncoding = 4; lastKnownFileType = sourcecode.swift; path = MiPerfilCustomCell.swift; sourceTree = "<group>"; };
		41689E5E1FF1459500359DDD /* Alamofire.framework */ = {isa = PBXFileReference; explicitFileType = wrapper.framework; path = Alamofire.framework; sourceTree = BUILT_PRODUCTS_DIR; };
		41689E5F1FF1459500359DDD /* APESuperHUD.framework */ = {isa = PBXFileReference; explicitFileType = wrapper.framework; path = APESuperHUD.framework; sourceTree = BUILT_PRODUCTS_DIR; };
		41689E601FF1459500359DDD /* Kingfisher.framework */ = {isa = PBXFileReference; explicitFileType = wrapper.framework; path = Kingfisher.framework; sourceTree = BUILT_PRODUCTS_DIR; };
		41689E611FF1459500359DDD /* PromiseKit.framework */ = {isa = PBXFileReference; explicitFileType = wrapper.framework; path = PromiseKit.framework; sourceTree = BUILT_PRODUCTS_DIR; };
		41689E621FF1459500359DDD /* SwiftyJSON.framework */ = {isa = PBXFileReference; explicitFileType = wrapper.framework; path = SwiftyJSON.framework; sourceTree = BUILT_PRODUCTS_DIR; };
		41689E641FF1469F00359DDD /* ParserGenerico.swift */ = {isa = PBXFileReference; lastKnownFileType = sourcecode.swift; path = ParserGenerico.swift; sourceTree = "<group>"; };
		4170C3111FEEBE5D00A9F50A /* iEveris.app */ = {isa = PBXFileReference; explicitFileType = wrapper.application; includeInIndex = 0; path = iEveris.app; sourceTree = BUILT_PRODUCTS_DIR; };
		4170C3141FEEBE5D00A9F50A /* AppDelegate.swift */ = {isa = PBXFileReference; lastKnownFileType = sourcecode.swift; path = AppDelegate.swift; sourceTree = "<group>"; };
		4170C3191FEEBE5D00A9F50A /* Base */ = {isa = PBXFileReference; lastKnownFileType = file.storyboard; name = Base; path = Base.lproj/Main.storyboard; sourceTree = "<group>"; };
		4170C31B1FEEBE5D00A9F50A /* Assets.xcassets */ = {isa = PBXFileReference; lastKnownFileType = folder.assetcatalog; path = Assets.xcassets; sourceTree = "<group>"; };
		4170C31E1FEEBE5D00A9F50A /* Base */ = {isa = PBXFileReference; lastKnownFileType = file.storyboard; name = Base; path = Base.lproj/LaunchScreen.storyboard; sourceTree = "<group>"; };
		4170C3201FEEBE5D00A9F50A /* Info.plist */ = {isa = PBXFileReference; lastKnownFileType = text.plist.xml; path = Info.plist; sourceTree = "<group>"; };
		419A44C42014E7AE00F28DE7 /* ReuseIdentifierProtocol.swift */ = {isa = PBXFileReference; lastKnownFileType = sourcecode.swift; path = ReuseIdentifierProtocol.swift; sourceTree = "<group>"; };
		FAEE951A4EB1F538E448975D /* Pods-iEveris.debug.xcconfig */ = {isa = PBXFileReference; includeInIndex = 1; lastKnownFileType = text.xcconfig; name = "Pods-iEveris.debug.xcconfig"; path = "Pods/Target Support Files/Pods-iEveris/Pods-iEveris.debug.xcconfig"; sourceTree = "<group>"; };
/* End PBXFileReference section */

/* Begin PBXFrameworksBuildPhase section */
		4170C30E1FEEBE5D00A9F50A /* Frameworks */ = {
			isa = PBXFrameworksBuildPhase;
			buildActionMask = 2147483647;
			files = (
				41689E591FF1459500359DDD /* Alamofire.framework in Frameworks */,
				41689E5A1FF1459500359DDD /* APESuperHUD.framework in Frameworks */,
				41689E5B1FF1459500359DDD /* Kingfisher.framework in Frameworks */,
				41689E5C1FF1459500359DDD /* PromiseKit.framework in Frameworks */,
				41689E5D1FF1459500359DDD /* SwiftyJSON.framework in Frameworks */,
				E93A508BE3551F7E2422941B /* Pods_iEveris.framework in Frameworks */,
			);
			runOnlyForDeploymentPostprocessing = 0;
		};
/* End PBXFrameworksBuildPhase section */

/* Begin PBXGroup section */
		00CC8DDEB58B59643135DD9D /* Frameworks */ = {
			isa = PBXGroup;
			children = (
				41689E5E1FF1459500359DDD /* Alamofire.framework */,
				41689E5F1FF1459500359DDD /* APESuperHUD.framework */,
				41689E601FF1459500359DDD /* Kingfisher.framework */,
				41689E611FF1459500359DDD /* PromiseKit.framework */,
				41689E621FF1459500359DDD /* SwiftyJSON.framework */,
				33D4B3610F85304C9DBC0217 /* Pods_iEveris.framework */,
			);
			name = Frameworks;
			sourceTree = "<group>";
		};
		0BAB9546BA1CF547844882D0 /* Pods */ = {
			isa = PBXGroup;
			children = (
				FAEE951A4EB1F538E448975D /* Pods-iEveris.debug.xcconfig */,
				1C838CE07A2679F9BE1EB4D2 /* Pods-iEveris.release.xcconfig */,
			);
			name = Pods;
			sourceTree = "<group>";
		};
		4100AD9A1FF13AFA00565366 /* API */ = {
			isa = PBXGroup;
			children = (
				41689E631FF1465400359DDD /* PARSER_MAPPER */,
				4100AD9B1FF13B2C00565366 /* API_UTILS.swift */,
				4100AD9D1FF13C4800565366 /* API_HELPERS.swift */,
			);
			path = API;
			sourceTree = "<group>";
		};
		4100AD9F1FF1410300565366 /* VIEW_CONTROLLERS */ = {
			isa = PBXGroup;
			children = (
				4100ADAF1FF1421800565366 /* GENERIC_CELL */,
				4100ADA01FF1412300565366 /* OfertasTableViewController.swift */,
				4100ADA21FF1413800565366 /* ConcursosTableViewController.swift */,
				4100ADA41FF1414300565366 /* CuponesTableViewController.swift */,
				4100ADA61FF1415400565366 /* DetalleGenericoTableViewController.swift */,
				4100ADA81FF1416900565366 /* WebGenericoViewController.swift */,
				4100ADAA1FF1418700565366 /* MuroTableViewController.swift */,
				4100ADAC1FF141A300565366 /* HerramientaPostMuroTableViewController.swift */,
				4136EC301FF9474B00192384 /* HomeNavigationViewController.swift */,
			);
			path = VIEW_CONTROLLERS;
			sourceTree = "<group>";
		};
		4100ADAE1FF141DC00565366 /* MODELS */ = {
			isa = PBXGroup;
			children = (
				4100ADB41FF143CD00565366 /* GenericModelData.swift */,
			);
			path = MODELS;
			sourceTree = "<group>";
		};
		4100ADAF1FF1421800565366 /* GENERIC_CELL */ = {
			isa = PBXGroup;
			children = (
				4100ADB01FF1424B00565366 /* GenericTableViewCell.swift */,
				4100ADB11FF1424B00565366 /* GenericTableViewCell.xib */,
				4136EC331FF94B0F00192384 /* MiPerfilCustomCell.swift */,
				4136EC321FF94B0F00192384 /* MiPerfilCustomCell.xib */,
				419A44C42014E7AE00F28DE7 /* ReuseIdentifierProtocol.swift */,
			);
			path = GENERIC_CELL;
			sourceTree = "<group>";
		};
		41689E631FF1465400359DDD /* PARSER_MAPPER */ = {
			isa = PBXGroup;
			children = (
				41689E641FF1469F00359DDD /* ParserGenerico.swift */,
				41227F5D1FF8EAEA0022FD6E /* APITaskManager.swift */,
				41227F5F1FF8F08E0022FD6E /* GenericTableView.swift */,
			);
			path = PARSER_MAPPER;
			sourceTree = "<group>";
		};
		4170C3081FEEBE5D00A9F50A = {
			isa = PBXGroup;
			children = (
				4170C3131FEEBE5D00A9F50A /* iEveris */,
				4170C3121FEEBE5D00A9F50A /* Products */,
				0BAB9546BA1CF547844882D0 /* Pods */,
				00CC8DDEB58B59643135DD9D /* Frameworks */,
			);
			sourceTree = "<group>";
		};
		4170C3121FEEBE5D00A9F50A /* Products */ = {
			isa = PBXGroup;
			children = (
				4170C3111FEEBE5D00A9F50A /* iEveris.app */,
			);
			name = Products;
			sourceTree = "<group>";
		};
		4170C3131FEEBE5D00A9F50A /* iEveris */ = {
			isa = PBXGroup;
			children = (
				4100ADAE1FF141DC00565366 /* MODELS */,
				4100AD9F1FF1410300565366 /* VIEW_CONTROLLERS */,
				4100AD9A1FF13AFA00565366 /* API */,
				4170C3141FEEBE5D00A9F50A /* AppDelegate.swift */,
				4170C3181FEEBE5D00A9F50A /* Main.storyboard */,
				4170C31B1FEEBE5D00A9F50A /* Assets.xcassets */,
				4170C31D1FEEBE5D00A9F50A /* LaunchScreen.storyboard */,
				4170C3201FEEBE5D00A9F50A /* Info.plist */,
			);
			path = iEveris;
			sourceTree = "<group>";
		};
/* End PBXGroup section */

/* Begin PBXNativeTarget section */
		4170C3101FEEBE5D00A9F50A /* iEveris */ = {
			isa = PBXNativeTarget;
			buildConfigurationList = 4170C3231FEEBE5D00A9F50A /* Build configuration list for PBXNativeTarget "iEveris" */;
			buildPhases = (
				7A699DD3EDACD54DD19C213B /* [CP] Check Pods Manifest.lock */,
				4170C30D1FEEBE5D00A9F50A /* Sources */,
				4170C30E1FEEBE5D00A9F50A /* Frameworks */,
				4170C30F1FEEBE5D00A9F50A /* Resources */,
				904727CE32E3FCE3221A8A4A /* [CP] Embed Pods Frameworks */,
				51810AD3B609734AE6CE1E1E /* [CP] Copy Pods Resources */,
			);
			buildRules = (
			);
			dependencies = (
			);
			name = iEveris;
			productName = iEveris;
			productReference = 4170C3111FEEBE5D00A9F50A /* iEveris.app */;
			productType = "com.apple.product-type.application";
		};
/* End PBXNativeTarget section */

/* Begin PBXProject section */
		4170C3091FEEBE5D00A9F50A /* Project object */ = {
			isa = PBXProject;
			attributes = {
				LastSwiftUpdateCheck = 0920;
				LastUpgradeCheck = 0920;
				ORGANIZATIONNAME = icologic;
				TargetAttributes = {
					4170C3101FEEBE5D00A9F50A = {
						CreatedOnToolsVersion = 9.2;
						ProvisioningStyle = Automatic;
					};
				};
			};
			buildConfigurationList = 4170C30C1FEEBE5D00A9F50A /* Build configuration list for PBXProject "iEveris" */;
			compatibilityVersion = "Xcode 8.0";
			developmentRegion = en;
			hasScannedForEncodings = 0;
			knownRegions = (
				en,
				Base,
			);
			mainGroup = 4170C3081FEEBE5D00A9F50A;
			productRefGroup = 4170C3121FEEBE5D00A9F50A /* Products */;
			projectDirPath = "";
			projectRoot = "";
			targets = (
				4170C3101FEEBE5D00A9F50A /* iEveris */,
			);
		};
/* End PBXProject section */

/* Begin PBXResourcesBuildPhase section */
		4170C30F1FEEBE5D00A9F50A /* Resources */ = {
			isa = PBXResourcesBuildPhase;
			buildActionMask = 2147483647;
			files = (
				4170C31F1FEEBE5D00A9F50A /* LaunchScreen.storyboard in Resources */,
				4136EC341FF94B0F00192384 /* MiPerfilCustomCell.xib in Resources */,
				4100ADB31FF1424B00565366 /* GenericTableViewCell.xib in Resources */,
				4170C31C1FEEBE5D00A9F50A /* Assets.xcassets in Resources */,
				4170C31A1FEEBE5D00A9F50A /* Main.storyboard in Resources */,
			);
			runOnlyForDeploymentPostprocessing = 0;
		};
/* End PBXResourcesBuildPhase section */

/* Begin PBXShellScriptBuildPhase section */
		51810AD3B609734AE6CE1E1E /* [CP] Copy Pods Resources */ = {
			isa = PBXShellScriptBuildPhase;
			buildActionMask = 2147483647;
			files = (
			);
			inputPaths = (
			);
			name = "[CP] Copy Pods Resources";
			outputPaths = (
			);
			runOnlyForDeploymentPostprocessing = 0;
			shellPath = /bin/sh;
			shellScript = "\"${SRCROOT}/Pods/Target Support Files/Pods-iEveris/Pods-iEveris-resources.sh\"\n";
			showEnvVarsInLog = 0;
		};
		7A699DD3EDACD54DD19C213B /* [CP] Check Pods Manifest.lock */ = {
			isa = PBXShellScriptBuildPhase;
			buildActionMask = 2147483647;
			files = (
			);
			inputPaths = (
				"${PODS_PODFILE_DIR_PATH}/Podfile.lock",
				"${PODS_ROOT}/Manifest.lock",
			);
			name = "[CP] Check Pods Manifest.lock";
			outputPaths = (
				"$(DERIVED_FILE_DIR)/Pods-iEveris-checkManifestLockResult.txt",
			);
			runOnlyForDeploymentPostprocessing = 0;
			shellPath = /bin/sh;
			shellScript = "diff \"${PODS_PODFILE_DIR_PATH}/Podfile.lock\" \"${PODS_ROOT}/Manifest.lock\" > /dev/null\nif [ $? != 0 ] ; then\n    # print error to STDERR\n    echo \"error: The sandbox is not in sync with the Podfile.lock. Run 'pod install' or update your CocoaPods installation.\" >&2\n    exit 1\nfi\n# This output is used by Xcode 'outputs' to avoid re-running this script phase.\necho \"SUCCESS\" > \"${SCRIPT_OUTPUT_FILE_0}\"\n";
			showEnvVarsInLog = 0;
		};
		904727CE32E3FCE3221A8A4A /* [CP] Embed Pods Frameworks */ = {
			isa = PBXShellScriptBuildPhase;
			buildActionMask = 2147483647;
			files = (
			);
			inputPaths = (
				"${SRCROOT}/Pods/Target Support Files/Pods-iEveris/Pods-iEveris-frameworks.sh",
				"${BUILT_PRODUCTS_DIR}/APESuperHUD/APESuperHUD.framework",
				"${BUILT_PRODUCTS_DIR}/Alamofire/Alamofire.framework",
				"${BUILT_PRODUCTS_DIR}/Kingfisher/Kingfisher.framework",
				"${BUILT_PRODUCTS_DIR}/PromiseKit/PromiseKit.framework",
				"${BUILT_PRODUCTS_DIR}/SwiftyJSON/SwiftyJSON.framework",
			);
			name = "[CP] Embed Pods Frameworks";
			outputPaths = (
				"${TARGET_BUILD_DIR}/${FRAMEWORKS_FOLDER_PATH}/APESuperHUD.framework",
				"${TARGET_BUILD_DIR}/${FRAMEWORKS_FOLDER_PATH}/Alamofire.framework",
				"${TARGET_BUILD_DIR}/${FRAMEWORKS_FOLDER_PATH}/Kingfisher.framework",
				"${TARGET_BUILD_DIR}/${FRAMEWORKS_FOLDER_PATH}/PromiseKit.framework",
				"${TARGET_BUILD_DIR}/${FRAMEWORKS_FOLDER_PATH}/SwiftyJSON.framework",
			);
			runOnlyForDeploymentPostprocessing = 0;
			shellPath = /bin/sh;
			shellScript = "\"${SRCROOT}/Pods/Target Support Files/Pods-iEveris/Pods-iEveris-frameworks.sh\"\n";
			showEnvVarsInLog = 0;
		};
/* End PBXShellScriptBuildPhase section */

/* Begin PBXSourcesBuildPhase section */
		4170C30D1FEEBE5D00A9F50A /* Sources */ = {
			isa = PBXSourcesBuildPhase;
			buildActionMask = 2147483647;
			files = (
				4100ADA11FF1412300565366 /* OfertasTableViewController.swift in Sources */,
				4100AD9E1FF13C4800565366 /* API_HELPERS.swift in Sources */,
				4100ADA71FF1415400565366 /* DetalleGenericoTableViewController.swift in Sources */,
				41227F5E1FF8EAEA0022FD6E /* APITaskManager.swift in Sources */,
				4100ADAD1FF141A300565366 /* HerramientaPostMuroTableViewController.swift in Sources */,
				4100ADA91FF1416900565366 /* WebGenericoViewController.swift in Sources */,
				4100ADB51FF143CD00565366 /* GenericModelData.swift in Sources */,
				41689E651FF1469F00359DDD /* ParserGenerico.swift in Sources */,
				4100ADA51FF1414300565366 /* CuponesTableViewController.swift in Sources */,
				4136EC311FF9474B00192384 /* HomeNavigationViewController.swift in Sources */,
				4100ADB21FF1424B00565366 /* GenericTableViewCell.swift in Sources */,
				41227F601FF8F08E0022FD6E /* GenericTableView.swift in Sources */,
				4136EC351FF94B0F00192384 /* MiPerfilCustomCell.swift in Sources */,
				4170C3151FEEBE5D00A9F50A /* AppDelegate.swift in Sources */,
				4100AD9C1FF13B2C00565366 /* API_UTILS.swift in Sources */,
				4100ADAB1FF1418700565366 /* MuroTableViewController.swift in Sources */,
				4100ADA31FF1413800565366 /* ConcursosTableViewController.swift in Sources */,
				419A44C52014E7AE00F28DE7 /* ReuseIdentifierProtocol.swift in Sources */,
			);
			runOnlyForDeploymentPostprocessing = 0;
		};
/* End PBXSourcesBuildPhase section */

/* Begin PBXVariantGroup section */
		4170C3181FEEBE5D00A9F50A /* Main.storyboard */ = {
			isa = PBXVariantGroup;
			children = (
				4170C3191FEEBE5D00A9F50A /* Base */,
			);
			name = Main.storyboard;
			sourceTree = "<group>";
		};
		4170C31D1FEEBE5D00A9F50A /* LaunchScreen.storyboard */ = {
			isa = PBXVariantGroup;
			children = (
				4170C31E1FEEBE5D00A9F50A /* Base */,
			);
			name = LaunchScreen.storyboard;
			sourceTree = "<group>";
		};
/* End PBXVariantGroup section */

/* Begin XCBuildConfiguration section */
		4170C3211FEEBE5D00A9F50A /* Debug */ = {
			isa = XCBuildConfiguration;
			buildSettings = {
				ALWAYS_SEARCH_USER_PATHS = NO;
				CLANG_ANALYZER_NONNULL = YES;
				CLANG_ANALYZER_NUMBER_OBJECT_CONVERSION = YES_AGGRESSIVE;
				CLANG_CXX_LANGUAGE_STANDARD = "gnu++14";
				CLANG_CXX_LIBRARY = "libc++";
				CLANG_ENABLE_MODULES = YES;
				CLANG_ENABLE_OBJC_ARC = YES;
				CLANG_WARN_BLOCK_CAPTURE_AUTORELEASING = YES;
				CLANG_WARN_BOOL_CONVERSION = YES;
				CLANG_WARN_COMMA = YES;
				CLANG_WARN_CONSTANT_CONVERSION = YES;
				CLANG_WARN_DIRECT_OBJC_ISA_USAGE = YES_ERROR;
				CLANG_WARN_DOCUMENTATION_COMMENTS = YES;
				CLANG_WARN_EMPTY_BODY = YES;
				CLANG_WARN_ENUM_CONVERSION = YES;
				CLANG_WARN_INFINITE_RECURSION = YES;
				CLANG_WARN_INT_CONVERSION = YES;
				CLANG_WARN_NON_LITERAL_NULL_CONVERSION = YES;
				CLANG_WARN_OBJC_LITERAL_CONVERSION = YES;
				CLANG_WARN_OBJC_ROOT_CLASS = YES_ERROR;
				CLANG_WARN_RANGE_LOOP_ANALYSIS = YES;
				CLANG_WARN_STRICT_PROTOTYPES = YES;
				CLANG_WARN_SUSPICIOUS_MOVE = YES;
				CLANG_WARN_UNGUARDED_AVAILABILITY = YES_AGGRESSIVE;
				CLANG_WARN_UNREACHABLE_CODE = YES;
				CLANG_WARN__DUPLICATE_METHOD_MATCH = YES;
				CODE_SIGN_IDENTITY = "iPhone Developer";
				COPY_PHASE_STRIP = NO;
				DEBUG_INFORMATION_FORMAT = dwarf;
				ENABLE_STRICT_OBJC_MSGSEND = YES;
				ENABLE_TESTABILITY = YES;
				GCC_C_LANGUAGE_STANDARD = gnu11;
				GCC_DYNAMIC_NO_PIC = NO;
				GCC_NO_COMMON_BLOCKS = YES;
				GCC_OPTIMIZATION_LEVEL = 0;
				GCC_PREPROCESSOR_DEFINITIONS = (
					"DEBUG=1",
					"$(inherited)",
				);
				GCC_WARN_64_TO_32_BIT_CONVERSION = YES;
				GCC_WARN_ABOUT_RETURN_TYPE = YES_ERROR;
				GCC_WARN_UNDECLARED_SELECTOR = YES;
				GCC_WARN_UNINITIALIZED_AUTOS = YES_AGGRESSIVE;
				GCC_WARN_UNUSED_FUNCTION = YES;
				GCC_WARN_UNUSED_VARIABLE = YES;
				IPHONEOS_DEPLOYMENT_TARGET = 11.2;
				MTL_ENABLE_DEBUG_INFO = YES;
				ONLY_ACTIVE_ARCH = YES;
				SDKROOT = iphoneos;
				SWIFT_ACTIVE_COMPILATION_CONDITIONS = DEBUG;
				SWIFT_OPTIMIZATION_LEVEL = "-Onone";
			};
			name = Debug;
		};
		4170C3221FEEBE5D00A9F50A /* Release */ = {
			isa = XCBuildConfiguration;
			buildSettings = {
				ALWAYS_SEARCH_USER_PATHS = NO;
				CLANG_ANALYZER_NONNULL = YES;
				CLANG_ANALYZER_NUMBER_OBJECT_CONVERSION = YES_AGGRESSIVE;
				CLANG_CXX_LANGUAGE_STANDARD = "gnu++14";
				CLANG_CXX_LIBRARY = "libc++";
				CLANG_ENABLE_MODULES = YES;
				CLANG_ENABLE_OBJC_ARC = YES;
				CLANG_WARN_BLOCK_CAPTURE_AUTORELEASING = YES;
				CLANG_WARN_BOOL_CONVERSION = YES;
				CLANG_WARN_COMMA = YES;
				CLANG_WARN_CONSTANT_CONVERSION = YES;
				CLANG_WARN_DIRECT_OBJC_ISA_USAGE = YES_ERROR;
				CLANG_WARN_DOCUMENTATION_COMMENTS = YES;
				CLANG_WARN_EMPTY_BODY = YES;
				CLANG_WARN_ENUM_CONVERSION = YES;
				CLANG_WARN_INFINITE_RECURSION = YES;
				CLANG_WARN_INT_CONVERSION = YES;
				CLANG_WARN_NON_LITERAL_NULL_CONVERSION = YES;
				CLANG_WARN_OBJC_LITERAL_CONVERSION = YES;
				CLANG_WARN_OBJC_ROOT_CLASS = YES_ERROR;
				CLANG_WARN_RANGE_LOOP_ANALYSIS = YES;
				CLANG_WARN_STRICT_PROTOTYPES = YES;
				CLANG_WARN_SUSPICIOUS_MOVE = YES;
				CLANG_WARN_UNGUARDED_AVAILABILITY = YES_AGGRESSIVE;
				CLANG_WARN_UNREACHABLE_CODE = YES;
				CLANG_WARN__DUPLICATE_METHOD_MATCH = YES;
				CODE_SIGN_IDENTITY = "iPhone Developer";
				COPY_PHASE_STRIP = NO;
				DEBUG_INFORMATION_FORMAT = "dwarf-with-dsym";
				ENABLE_NS_ASSERTIONS = NO;
				ENABLE_STRICT_OBJC_MSGSEND = YES;
				GCC_C_LANGUAGE_STANDARD = gnu11;
				GCC_NO_COMMON_BLOCKS = YES;
				GCC_WARN_64_TO_32_BIT_CONVERSION = YES;
				GCC_WARN_ABOUT_RETURN_TYPE = YES_ERROR;
				GCC_WARN_UNDECLARED_SELECTOR = YES;
				GCC_WARN_UNINITIALIZED_AUTOS = YES_AGGRESSIVE;
				GCC_WARN_UNUSED_FUNCTION = YES;
				GCC_WARN_UNUSED_VARIABLE = YES;
				IPHONEOS_DEPLOYMENT_TARGET = 11.2;
				MTL_ENABLE_DEBUG_INFO = NO;
				SDKROOT = iphoneos;
				SWIFT_OPTIMIZATION_LEVEL = "-Owholemodule";
				VALIDATE_PRODUCT = YES;
			};
			name = Release;
		};
		4170C3241FEEBE5D00A9F50A /* Debug */ = {
			isa = XCBuildConfiguration;
			baseConfigurationReference = FAEE951A4EB1F538E448975D /* Pods-iEveris.debug.xcconfig */;
			buildSettings = {
				ASSETCATALOG_COMPILER_APPICON_NAME = AppIcon;
				CODE_SIGN_STYLE = Automatic;
				DEVELOPMENT_TEAM = 2C7W4RF846;
				INFOPLIST_FILE = iEveris/Info.plist;
				LD_RUNPATH_SEARCH_PATHS = "$(inherited) @executable_path/Frameworks";
				PRODUCT_BUNDLE_IDENTIFIER = com.icologic.iOS.iEveris;
				PRODUCT_NAME = "$(TARGET_NAME)";
				SWIFT_VERSION = 4.0;
				TARGETED_DEVICE_FAMILY = "1,2";
			};
			name = Debug;
		};
		4170C3251FEEBE5D00A9F50A /* Release */ = {
			isa = XCBuildConfiguration;
			baseConfigurationReference = 1C838CE07A2679F9BE1EB4D2 /* Pods-iEveris.release.xcconfig */;
			buildSettings = {
				ASSETCATALOG_COMPILER_APPICON_NAME = AppIcon;
				CODE_SIGN_STYLE = Automatic;
				DEVELOPMENT_TEAM = 2C7W4RF846;
				INFOPLIST_FILE = iEveris/Info.plist;
				LD_RUNPATH_SEARCH_PATHS = "$(inherited) @executable_path/Frameworks";
				PRODUCT_BUNDLE_IDENTIFIER = com.icologic.iOS.iEveris;
				PRODUCT_NAME = "$(TARGET_NAME)";
				SWIFT_VERSION = 4.0;
				TARGETED_DEVICE_FAMILY = "1,2";
			};
			name = Release;
		};
/* End XCBuildConfiguration section */

/* Begin XCConfigurationList section */
		4170C30C1FEEBE5D00A9F50A /* Build configuration list for PBXProject "iEveris" */ = {
			isa = XCConfigurationList;
			buildConfigurations = (
				4170C3211FEEBE5D00A9F50A /* Debug */,
				4170C3221FEEBE5D00A9F50A /* Release */,
			);
			defaultConfigurationIsVisible = 0;
			defaultConfigurationName = Release;
		};
		4170C3231FEEBE5D00A9F50A /* Build configuration list for PBXNativeTarget "iEveris" */ = {
			isa = XCConfigurationList;
			buildConfigurations = (
				4170C3241FEEBE5D00A9F50A /* Debug */,
				4170C3251FEEBE5D00A9F50A /* Release */,
			);
			defaultConfigurationIsVisible = 0;
			defaultConfigurationName = Release;
		};
/* End XCConfigurationList section */
	};
	rootObject = 4170C3091FEEBE5D00A9F50A /* Project object */;
}
